// !$*UTF8*$!
{
	archiveVersion = 1;
	classes = {
	};
	objectVersion = 50;
	objects = {

/* Begin PBXBuildFile section */
		229741AB2587579E00627117 /* AppDelegate.swift in Sources */ = {isa = PBXBuildFile; fileRef = 229741AA2587579E00627117 /* AppDelegate.swift */; };
		229741AD2587579E00627117 /* SceneDelegate.swift in Sources */ = {isa = PBXBuildFile; fileRef = 229741AC2587579E00627117 /* SceneDelegate.swift */; };
		229741AF2587579E00627117 /* ViewController.swift in Sources */ = {isa = PBXBuildFile; fileRef = 229741AE2587579E00627117 /* ViewController.swift */; };
		229741B22587579E00627117 /* Main.storyboard in Resources */ = {isa = PBXBuildFile; fileRef = 229741B02587579E00627117 /* Main.storyboard */; };
		229741B4258757A100627117 /* Assets.xcassets in Resources */ = {isa = PBXBuildFile; fileRef = 229741B3258757A100627117 /* Assets.xcassets */; };
		229741B7258757A100627117 /* LaunchScreen.storyboard in Resources */ = {isa = PBXBuildFile; fileRef = 229741B5258757A100627117 /* LaunchScreen.storyboard */; };
		582A32BF0FBC5A8B82B2B961 /* Pods_RxLearning.framework in Frameworks */ = {isa = PBXBuildFile; fileRef = AD95307D6A34C409A3A588F6 /* Pods_RxLearning.framework */; };
/* End PBXBuildFile section */

/* Begin PBXFileReference section */
		220437C7258C3438002598EF /* MyPlayground.playground */ = {isa = PBXFileReference; lastKnownFileType = file.playground; path = MyPlayground.playground; sourceTree = "<group>"; xcLanguageSpecificationIdentifier = xcode.lang.swift; };
		229741A72587579E00627117 /* RxLearning.app */ = {isa = PBXFileReference; explicitFileType = wrapper.application; includeInIndex = 0; path = RxLearning.app; sourceTree = BUILT_PRODUCTS_DIR; };
		229741AA2587579E00627117 /* AppDelegate.swift */ = {isa = PBXFileReference; lastKnownFileType = sourcecode.swift; path = AppDelegate.swift; sourceTree = "<group>"; };
		229741AC2587579E00627117 /* SceneDelegate.swift */ = {isa = PBXFileReference; lastKnownFileType = sourcecode.swift; path = SceneDelegate.swift; sourceTree = "<group>"; };
		229741AE2587579E00627117 /* ViewController.swift */ = {isa = PBXFileReference; lastKnownFileType = sourcecode.swift; path = ViewController.swift; sourceTree = "<group>"; };
		229741B12587579E00627117 /* Base */ = {isa = PBXFileReference; lastKnownFileType = file.storyboard; name = Base; path = Base.lproj/Main.storyboard; sourceTree = "<group>"; };
		229741B3258757A100627117 /* Assets.xcassets */ = {isa = PBXFileReference; lastKnownFileType = folder.assetcatalog; path = Assets.xcassets; sourceTree = "<group>"; };
		229741B6258757A100627117 /* Base */ = {isa = PBXFileReference; lastKnownFileType = file.storyboard; name = Base; path = Base.lproj/LaunchScreen.storyboard; sourceTree = "<group>"; };
		229741B8258757A100627117 /* Info.plist */ = {isa = PBXFileReference; lastKnownFileType = text.plist.xml; path = Info.plist; sourceTree = "<group>"; };
		518F8632A411D79123A1B7E6 /* Pods-RxLearning.debug.xcconfig */ = {isa = PBXFileReference; includeInIndex = 1; lastKnownFileType = text.xcconfig; name = "Pods-RxLearning.debug.xcconfig"; path = "Target Support Files/Pods-RxLearning/Pods-RxLearning.debug.xcconfig"; sourceTree = "<group>"; };
		603E634DF3066237FFF9B645 /* Pods-RxLearning.release.xcconfig */ = {isa = PBXFileReference; includeInIndex = 1; lastKnownFileType = text.xcconfig; name = "Pods-RxLearning.release.xcconfig"; path = "Target Support Files/Pods-RxLearning/Pods-RxLearning.release.xcconfig"; sourceTree = "<group>"; };
		AD95307D6A34C409A3A588F6 /* Pods_RxLearning.framework */ = {isa = PBXFileReference; explicitFileType = wrapper.framework; includeInIndex = 0; path = Pods_RxLearning.framework; sourceTree = BUILT_PRODUCTS_DIR; };
/* End PBXFileReference section */

/* Begin PBXFrameworksBuildPhase section */
		229741A42587579E00627117 /* Frameworks */ = {
			isa = PBXFrameworksBuildPhase;
			buildActionMask = 2147483647;
			files = (
				582A32BF0FBC5A8B82B2B961 /* Pods_RxLearning.framework in Frameworks */,
			);
			runOnlyForDeploymentPostprocessing = 0;
		};
/* End PBXFrameworksBuildPhase section */

/* Begin PBXGroup section */
		220437C6258C3426002598EF /* Playground */ = {
			isa = PBXGroup;
			children = (
				220437C7258C3438002598EF /* MyPlayground.playground */,
			);
			path = Playground;
			sourceTree = "<group>";
		};
		2297419E2587579E00627117 = {
			isa = PBXGroup;
			children = (
				229741A92587579E00627117 /* RxLearning */,
				229741A82587579E00627117 /* Products */,
				C64261C8E6037DB83D8E2C51 /* Pods */,
				E8D642DA245CB6118D0FD433 /* Frameworks */,
			);
			sourceTree = "<group>";
		};
		229741A82587579E00627117 /* Products */ = {
			isa = PBXGroup;
			children = (
				229741A72587579E00627117 /* RxLearning.app */,
			);
			name = Products;
			sourceTree = "<group>";
		};
		229741A92587579E00627117 /* RxLearning */ = {
			isa = PBXGroup;
			children = (
				220437C6258C3426002598EF /* Playground */,
				229741AA2587579E00627117 /* AppDelegate.swift */,
				229741AC2587579E00627117 /* SceneDelegate.swift */,
				229741AE2587579E00627117 /* ViewController.swift */,
				229741B02587579E00627117 /* Main.storyboard */,
				229741B3258757A100627117 /* Assets.xcassets */,
				229741B5258757A100627117 /* LaunchScreen.storyboard */,
				229741B8258757A100627117 /* Info.plist */,
			);
			path = RxLearning;
			sourceTree = "<group>";
		};
		C64261C8E6037DB83D8E2C51 /* Pods */ = {
			isa = PBXGroup;
			children = (
				518F8632A411D79123A1B7E6 /* Pods-RxLearning.debug.xcconfig */,
				603E634DF3066237FFF9B645 /* Pods-RxLearning.release.xcconfig */,
			);
			path = Pods;
			sourceTree = "<group>";
		};
		E8D642DA245CB6118D0FD433 /* Frameworks */ = {
			isa = PBXGroup;
			children = (
				AD95307D6A34C409A3A588F6 /* Pods_RxLearning.framework */,
			);
			name = Frameworks;
			sourceTree = "<group>";
		};
/* End PBXGroup section */

/* Begin PBXNativeTarget section */
		229741A62587579E00627117 /* RxLearning */ = {
			isa = PBXNativeTarget;
			buildConfigurationList = 229741BB258757A100627117 /* Build configuration list for PBXNativeTarget "RxLearning" */;
			buildPhases = (
				02247DD99E589775E144FBE0 /* [CP] Check Pods Manifest.lock */,
				229741A32587579E00627117 /* Sources */,
				229741A42587579E00627117 /* Frameworks */,
				229741A52587579E00627117 /* Resources */,
				0DDDF62A50508FC9A16EB30A /* [CP] Embed Pods Frameworks */,
			);
			buildRules = (
			);
			dependencies = (
			);
			name = RxLearning;
			productName = RxLearning;
			productReference = 229741A72587579E00627117 /* RxLearning.app */;
			productType = "com.apple.product-type.application";
		};
/* End PBXNativeTarget section */

/* Begin PBXProject section */
		2297419F2587579E00627117 /* Project object */ = {
			isa = PBXProject;
			attributes = {
				LastSwiftUpdateCheck = 1220;
				LastUpgradeCheck = 1220;
				TargetAttributes = {
					229741A62587579E00627117 = {
						CreatedOnToolsVersion = 12.2;
					};
				};
			};
			buildConfigurationList = 229741A22587579E00627117 /* Build configuration list for PBXProject "RxLearning" */;
			compatibilityVersion = "Xcode 9.3";
			developmentRegion = en;
			hasScannedForEncodings = 0;
			knownRegions = (
				en,
				Base,
			);
			mainGroup = 2297419E2587579E00627117;
			productRefGroup = 229741A82587579E00627117 /* Products */;
			projectDirPath = "";
			projectRoot = "";
			targets = (
				229741A62587579E00627117 /* RxLearning */,
			);
		};
/* End PBXProject section */

/* Begin PBXResourcesBuildPhase section */
		229741A52587579E00627117 /* Resources */ = {
			isa = PBXResourcesBuildPhase;
			buildActionMask = 2147483647;
			files = (
				229741B7258757A100627117 /* LaunchScreen.storyboard in Resources */,
				229741B4258757A100627117 /* Assets.xcassets in Resources */,
				229741B22587579E00627117 /* Main.storyboard in Resources */,
			);
			runOnlyForDeploymentPostprocessing = 0;
		};
/* End PBXResourcesBuildPhase section */

/* Begin PBXShellScriptBuildPhase section */
		02247DD99E589775E144FBE0 /* [CP] Check Pods Manifest.lock */ = {
			isa = PBXShellScriptBuildPhase;
			buildActionMask = 2147483647;
			files = (
			);
			inputFileListPaths = (
			);
			inputPaths = (
				"${PODS_PODFILE_DIR_PATH}/Podfile.lock",
				"${PODS_ROOT}/Manifest.lock",
			);
			name = "[CP] Check Pods Manifest.lock";
			outputFileListPaths = (
			);
			outputPaths = (
				"$(DERIVED_FILE_DIR)/Pods-RxLearning-checkManifestLockResult.txt",
			);
			runOnlyForDeploymentPostprocessing = 0;
			shellPath = /bin/sh;
			shellScript = "diff \"${PODS_PODFILE_DIR_PATH}/Podfile.lock\" \"${PODS_ROOT}/Manifest.lock\" > /dev/null\nif [ $? != 0 ] ; then\n    # print error to STDERR\n    echo \"error: The sandbox is not in sync with the Podfile.lock. Run 'pod install' or update your CocoaPods installation.\" >&2\n    exit 1\nfi\n# This output is used by Xcode 'outputs' to avoid re-running this script phase.\necho \"SUCCESS\" > \"${SCRIPT_OUTPUT_FILE_0}\"\n";
			showEnvVarsInLog = 0;
		};
		0DDDF62A50508FC9A16EB30A /* [CP] Embed Pods Frameworks */ = {
			isa = PBXShellScriptBuildPhase;
			buildActionMask = 2147483647;
			files = (
			);
			inputFileListPaths = (
				"${PODS_ROOT}/Target Support Files/Pods-RxLearning/Pods-RxLearning-frameworks-${CONFIGURATION}-input-files.xcfilelist",
			);
			name = "[CP] Embed Pods Frameworks";
			outputFileListPaths = (
				"${PODS_ROOT}/Target Support Files/Pods-RxLearning/Pods-RxLearning-frameworks-${CONFIGURATION}-output-files.xcfilelist",
			);
			runOnlyForDeploymentPostprocessing = 0;
			shellPath = /bin/sh;
			shellScript = "\"${PODS_ROOT}/Target Support Files/Pods-RxLearning/Pods-RxLearning-frameworks.sh\"\n";
			showEnvVarsInLog = 0;
		};
/* End PBXShellScriptBuildPhase section */

/* Begin PBXSourcesBuildPhase section */
		229741A32587579E00627117 /* Sources */ = {
			isa = PBXSourcesBuildPhase;
			buildActionMask = 2147483647;
			files = (
				229741AF2587579E00627117 /* ViewController.swift in Sources */,
				229741AB2587579E00627117 /* AppDelegate.swift in Sources */,
				229741AD2587579E00627117 /* SceneDelegate.swift in Sources */,
			);
			runOnlyForDeploymentPostprocessing = 0;
		};
/* End PBXSourcesBuildPhase section */

/* Begin PBXVariantGroup section */
		229741B02587579E00627117 /* Main.storyboard */ = {
			isa = PBXVariantGroup;
			children = (
				229741B12587579E00627117 /* Base */,
			);
			name = Main.storyboard;
			sourceTree = "<group>";
		};
		229741B5258757A100627117 /* LaunchScreen.storyboard */ = {
			isa = PBXVariantGroup;
			children = (
				229741B6258757A100627117 /* Base */,
			);
			name = LaunchScreen.storyboard;
			sourceTree = "<group>";
		};
/* End PBXVariantGroup section */

/* Begin XCBuildConfiguration section */
		229741B9258757A100627117 /* Debug */ = {
			isa = XCBuildConfiguration;
			buildSettings = {
				ALWAYS_SEARCH_USER_PATHS = NO;
				CLANG_ANALYZER_NONNULL = YES;
				CLANG_ANALYZER_NUMBER_OBJECT_CONVERSION = YES_AGGRESSIVE;
				CLANG_CXX_LANGUAGE_STANDARD = "gnu++14";
				CLANG_CXX_LIBRARY = "libc++";
				CLANG_ENABLE_MODULES = YES;
				CLANG_ENABLE_OBJC_ARC = YES;
				CLANG_ENABLE_OBJC_WEAK = YES;
				CLANG_WARN_BLOCK_CAPTURE_AUTORELEASING = YES;
				CLANG_WARN_BOOL_CONVERSION = YES;
				CLANG_WARN_COMMA = YES;
				CLANG_WARN_CONSTANT_CONVERSION = YES;
				CLANG_WARN_DEPRECATED_OBJC_IMPLEMENTATIONS = YES;
				CLANG_WARN_DIRECT_OBJC_ISA_USAGE = YES_ERROR;
				CLANG_WARN_DOCUMENTATION_COMMENTS = YES;
				CLANG_WARN_EMPTY_BODY = YES;
				CLANG_WARN_ENUM_CONVERSION = YES;
				CLANG_WARN_INFINITE_RECURSION = YES;
				CLANG_WARN_INT_CONVERSION = YES;
				CLANG_WARN_NON_LITERAL_NULL_CONVERSION = YES;
				CLANG_WARN_OBJC_IMPLICIT_RETAIN_SELF = YES;
				CLANG_WARN_OBJC_LITERAL_CONVERSION = YES;
				CLANG_WARN_OBJC_ROOT_CLASS = YES_ERROR;
				CLANG_WARN_QUOTED_INCLUDE_IN_FRAMEWORK_HEADER = YES;
				CLANG_WARN_RANGE_LOOP_ANALYSIS = YES;
				CLANG_WARN_STRICT_PROTOTYPES = YES;
				CLANG_WARN_SUSPICIOUS_MOVE = YES;
				CLANG_WARN_UNGUARDED_AVAILABILITY = YES_AGGRESSIVE;
				CLANG_WARN_UNREACHABLE_CODE = YES;
				CLANG_WARN__DUPLICATE_METHOD_MATCH = YES;
				COPY_PHASE_STRIP = NO;
				DEBUG_INFORMATION_FORMAT = dwarf;
				ENABLE_STRICT_OBJC_MSGSEND = YES;
				ENABLE_TESTABILITY = YES;
				GCC_C_LANGUAGE_STANDARD = gnu11;
				GCC_DYNAMIC_NO_PIC = NO;
				GCC_NO_COMMON_BLOCKS = YES;
				GCC_OPTIMIZATION_LEVEL = 0;
				GCC_PREPROCESSOR_DEFINITIONS = (
					"DEBUG=1",
					"$(inherited)",
				);
				GCC_WARN_64_TO_32_BIT_CONVERSION = YES;
				GCC_WARN_ABOUT_RETURN_TYPE = YES_ERROR;
				GCC_WARN_UNDECLARED_SELECTOR = YES;
				GCC_WARN_UNINITIALIZED_AUTOS = YES_AGGRESSIVE;
				GCC_WARN_UNUSED_FUNCTION = YES;
				GCC_WARN_UNUSED_VARIABLE = YES;
				IPHONEOS_DEPLOYMENT_TARGET = 13.0;
				MTL_ENABLE_DEBUG_INFO = INCLUDE_SOURCE;
				MTL_FAST_MATH = YES;
				ONLY_ACTIVE_ARCH = YES;
				SDKROOT = iphoneos;
				SWIFT_ACTIVE_COMPILATION_CONDITIONS = DEBUG;
				SWIFT_OPTIMIZATION_LEVEL = "-Onone";
			};
			name = Debug;
		};
		229741BA258757A100627117 /* Release */ = {
			isa = XCBuildConfiguration;
			buildSettings = {
				ALWAYS_SEARCH_USER_PATHS = NO;
				CLANG_ANALYZER_NONNULL = YES;
				CLANG_ANALYZER_NUMBER_OBJECT_CONVERSION = YES_AGGRESSIVE;
				CLANG_CXX_LANGUAGE_STANDARD = "gnu++14";
				CLANG_CXX_LIBRARY = "libc++";
				CLANG_ENABLE_MODULES = YES;
				CLANG_ENABLE_OBJC_ARC = YES;
				CLANG_ENABLE_OBJC_WEAK = YES;
				CLANG_WARN_BLOCK_CAPTURE_AUTORELEASING = YES;
				CLANG_WARN_BOOL_CONVERSION = YES;
				CLANG_WARN_COMMA = YES;
				CLANG_WARN_CONSTANT_CONVERSION = YES;
				CLANG_WARN_DEPRECATED_OBJC_IMPLEMENTATIONS = YES;
				CLANG_WARN_DIRECT_OBJC_ISA_USAGE = YES_ERROR;
				CLANG_WARN_DOCUMENTATION_COMMENTS = YES;
				CLANG_WARN_EMPTY_BODY = YES;
				CLANG_WARN_ENUM_CONVERSION = YES;
				CLANG_WARN_INFINITE_RECURSION = YES;
				CLANG_WARN_INT_CONVERSION = YES;
				CLANG_WARN_NON_LITERAL_NULL_CONVERSION = YES;
				CLANG_WARN_OBJC_IMPLICIT_RETAIN_SELF = YES;
				CLANG_WARN_OBJC_LITERAL_CONVERSION = YES;
				CLANG_WARN_OBJC_ROOT_CLASS = YES_ERROR;
				CLANG_WARN_QUOTED_INCLUDE_IN_FRAMEWORK_HEADER = YES;
				CLANG_WARN_RANGE_LOOP_ANALYSIS = YES;
				CLANG_WARN_STRICT_PROTOTYPES = YES;
				CLANG_WARN_SUSPICIOUS_MOVE = YES;
				CLANG_WARN_UNGUARDED_AVAILABILITY = YES_AGGRESSIVE;
				CLANG_WARN_UNREACHABLE_CODE = YES;
				CLANG_WARN__DUPLICATE_METHOD_MATCH = YES;
				COPY_PHASE_STRIP = NO;
				DEBUG_INFORMATION_FORMAT = "dwarf-with-dsym";
				ENABLE_NS_ASSERTIONS = NO;
				ENABLE_STRICT_OBJC_MSGSEND = YES;
				GCC_C_LANGUAGE_STANDARD = gnu11;
				GCC_NO_COMMON_BLOCKS = YES;
				GCC_WARN_64_TO_32_BIT_CONVERSION = YES;
				GCC_WARN_ABOUT_RETURN_TYPE = YES_ERROR;
				GCC_WARN_UNDECLARED_SELECTOR = YES;
				GCC_WARN_UNINITIALIZED_AUTOS = YES_AGGRESSIVE;
				GCC_WARN_UNUSED_FUNCTION = YES;
				GCC_WARN_UNUSED_VARIABLE = YES;
				IPHONEOS_DEPLOYMENT_TARGET = 13.0;
				MTL_ENABLE_DEBUG_INFO = NO;
				MTL_FAST_MATH = YES;
				SDKROOT = iphoneos;
				SWIFT_COMPILATION_MODE = wholemodule;
				SWIFT_OPTIMIZATION_LEVEL = "-O";
				VALIDATE_PRODUCT = YES;
			};
			name = Release;
		};
		229741BC258757A100627117 /* Debug */ = {
			isa = XCBuildConfiguration;
			baseConfigurationReference = 518F8632A411D79123A1B7E6 /* Pods-RxLearning.debug.xcconfig */;
			buildSettings = {
				ASSETCATALOG_COMPILER_APPICON_NAME = AppIcon;
				ASSETCATALOG_COMPILER_GLOBAL_ACCENT_COLOR_NAME = AccentColor;
				CODE_SIGN_STYLE = Automatic;
				INFOPLIST_FILE = RxLearning/Info.plist;
				LD_RUNPATH_SEARCH_PATHS = (
					"$(inherited)",
					"@executable_path/Frameworks",
				);
				PRODUCT_BUNDLE_IDENTIFIER = com.codetoanbug.RxLearning;
				PRODUCT_NAME = "$(TARGET_NAME)";
				SWIFT_VERSION = 5.0;
				TARGETED_DEVICE_FAMILY = "1,2";
			};
			name = Debug;
		};
		229741BD258757A100627117 /* Release */ = {
			isa = XCBuildConfiguration;
			baseConfigurationReference = 603E634DF3066237FFF9B645 /* Pods-RxLearning.release.xcconfig */;
			buildSettings = {
				ASSETCATALOG_COMPILER_APPICON_NAME = AppIcon;
				ASSETCATALOG_COMPILER_GLOBAL_ACCENT_COLOR_NAME = AccentColor;
				CODE_SIGN_STYLE = Automatic;
				INFOPLIST_FILE = RxLearning/Info.plist;
				LD_RUNPATH_SEARCH_PATHS = (
					"$(inherited)",
					"@executable_path/Frameworks",
				);
				PRODUCT_BUNDLE_IDENTIFIER = com.codetoanbug.RxLearning;
				PRODUCT_NAME = "$(TARGET_NAME)";
				SWIFT_VERSION = 5.0;
				TARGETED_DEVICE_FAMILY = "1,2";
			};
			name = Release;
		};
/* End XCBuildConfiguration section */

/* Begin XCConfigurationList section */
		229741A22587579E00627117 /* Build configuration list for PBXProject "RxLearning" */ = {
			isa = XCConfigurationList;
			buildConfigurations = (
				229741B9258757A100627117 /* Debug */,
				229741BA258757A100627117 /* Release */,
			);
			defaultConfigurationIsVisible = 0;
			defaultConfigurationName = Release;
		};
		229741BB258757A100627117 /* Build configuration list for PBXNativeTarget "RxLearning" */ = {
			isa = XCConfigurationList;
			buildConfigurations = (
				229741BC258757A100627117 /* Debug */,
				229741BD258757A100627117 /* Release */,
			);
			defaultConfigurationIsVisible = 0;
			defaultConfigurationName = Release;
		};
/* End XCConfigurationList section */
	};
	rootObject = 2297419F2587579E00627117 /* Project object */;
}
